
Microsoft Visual Studio Solution File, Format Version 12.00
# Visual Studio Version 17
VisualStudioVersion = 17.2.32526.322
MinimumVisualStudioVersion = 10.0.40219.1
Project("{FAE04EC0-301F-11D3-BF4B-00C04F79EFBC}") = "Formlar arası değişken aktarımlı oyun", "Formlar arası değişken aktarımlı oyun\Formlar arası değişken aktarımlı oyun.csproj", "{9F895CEB-6603-43EA-9AEE-1CA4ED747452}"
EndProject
Global
	GlobalSection(SolutionConfigurationPlatforms) = preSolution
		Debug|Any CPU = Debug|Any CPU
		Release|Any CPU = Release|Any CPU
	EndGlobalSection
	GlobalSection(ProjectConfigurationPlatforms) = postSolution
		{9F895CEB-6603-43EA-9AEE-1CA4ED747452}.Debug|Any CPU.ActiveCfg = Debug|Any CPU
		{9F895CEB-6603-43EA-9AEE-1CA4ED747452}.Debug|Any CPU.Build.0 = Debug|Any CPU
		{9F895CEB-6603-43EA-9AEE-1CA4ED747452}.Release|Any CPU.ActiveCfg = Release|Any CPU
		{9F895CEB-6603-43EA-9AEE-1CA4ED747452}.Release|Any CPU.Build.0 = Release|Any CPU
	EndGlobalSection
	GlobalSection(SolutionProperties) = preSolution
		HideSolutionNode = FALSE
	EndGlobalSection
	GlobalSection(ExtensibilityGlobals) = postSolution
		SolutionGuid = {E795AC4B-A2FD-418B-ABE8-00EB1706E246}
	EndGlobalSection
EndGlobal
